
Microsoft Visual Studio Solution File, Format Version 12.00
# 17
VisualStudioVersion = 17.11.35327.3
MinimumVisualStudioVersion = 10.0.40219.1
Project("{2150E333-8FDC-42A3-9474-1A3956D46DE8}") = "src", "src", "{2BF95931-60F6-4A54-9DF1-3EDB5D624AC0}"
EndProject
Project("{2150E333-8FDC-42A3-9474-1A3956D46DE8}") = "test", "test", "{4685D8F8-5E7D-405B-9E04-CFB157AE0F41}"
EndProject
Project("{9A19103F-16F7-4668-BE54-9A1E7A4F7556}") = "IdentityModel.Tests", "test\IdentityModel.Tests\IdentityModel.Tests.csproj", "{1992E5D7-166C-4078-AEC6-F698B6192C92}"
EndProject
Project("{9A19103F-16F7-4668-BE54-9A1E7A4F7556}") = "TrimmableAnalysis", "test\TrimmableAnalysis\TrimmableAnalysis.csproj", "{0A05046F-AA79-42B4-9B9C-F76588C01BFC}"
EndProject
Project("{2150E333-8FDC-42A3-9474-1A3956D46DE8}") = "build", "build", "{BEEAE0F9-8B97-4E02-98A3-95AE2B7C7BC9}"
EndProject
Project("{9A19103F-16F7-4668-BE54-9A1E7A4F7556}") = "build", "build\build.csproj", "{1E313DEF-4148-44BB-8D64-A7FF3DC13F83}"
EndProject
Project("{9A19103F-16F7-4668-BE54-9A1E7A4F7556}") = "IdentityModel", "src\IdentityModel\IdentityModel.csproj", "{D9877D9D-03D6-429F-9951-D8BB2931ED29}"
EndProject
Project("{2150E333-8FDC-42A3-9474-1A3956D46DE8}") = "samples", "samples", "{484A1AEF-2EB2-470B-BA36-FD39BA0FFB3B}"
EndProject
Project("{9A19103F-16F7-4668-BE54-9A1E7A4F7556}") = "HttpClientFactory", "samples\HttpClientFactory\HttpClientFactory.csproj", "{A721CCFB-6D3F-49D8-803E-A50642339EC8}"
EndProject
Global
	GlobalSection(SolutionConfigurationPlatforms) = preSolution
		Debug|Any CPU = Debug|Any CPU
		Release|Any CPU = Release|Any CPU
	EndGlobalSection
	GlobalSection(ProjectConfigurationPlatforms) = postSolution
		{1992E5D7-166C-4078-AEC6-F698B6192C92}.Debug|Any CPU.ActiveCfg = Debug|Any CPU
		{1992E5D7-166C-4078-AEC6-F698B6192C92}.Debug|Any CPU.Build.0 = Debug|Any CPU
		{1992E5D7-166C-4078-AEC6-F698B6192C92}.Release|Any CPU.ActiveCfg = Release|Any CPU
		{1992E5D7-166C-4078-AEC6-F698B6192C92}.Release|Any CPU.Build.0 = Release|Any CPU
		{0A05046F-AA79-42B4-9B9C-F76588C01BFC}.Debug|Any CPU.ActiveCfg = Debug|Any CPU
		{0A05046F-AA79-42B4-9B9C-F76588C01BFC}.Debug|Any CPU.Build.0 = Debug|Any CPU
		{0A05046F-AA79-42B4-9B9C-F76588C01BFC}.Release|Any CPU.ActiveCfg = Release|Any CPU
		{0A05046F-AA79-42B4-9B9C-F76588C01BFC}.Release|Any CPU.Build.0 = Release|Any CPU
		{1E313DEF-4148-44BB-8D64-A7FF3DC13F83}.Debug|Any CPU.ActiveCfg = Debug|Any CPU
		{1E313DEF-4148-44BB-8D64-A7FF3DC13F83}.Debug|Any CPU.Build.0 = Debug|Any CPU
		{1E313DEF-4148-44BB-8D64-A7FF3DC13F83}.Release|Any CPU.ActiveCfg = Release|Any CPU
		{1E313DEF-4148-44BB-8D64-A7FF3DC13F83}.Release|Any CPU.Build.0 = Release|Any CPU
		{D9877D9D-03D6-429F-9951-D8BB2931ED29}.Debug|Any CPU.ActiveCfg = Debug|Any CPU
		{D9877D9D-03D6-429F-9951-D8BB2931ED29}.Debug|Any CPU.Build.0 = Debug|Any CPU
		{D9877D9D-03D6-429F-9951-D8BB2931ED29}.Release|Any CPU.ActiveCfg = Release|Any CPU
		{D9877D9D-03D6-429F-9951-D8BB2931ED29}.Release|Any CPU.Build.0 = Release|Any CPU
		{A721CCFB-6D3F-49D8-803E-A50642339EC8}.Debug|Any CPU.ActiveCfg = Debug|Any CPU
		{A721CCFB-6D3F-49D8-803E-A50642339EC8}.Debug|Any CPU.Build.0 = Debug|Any CPU
		{A721CCFB-6D3F-49D8-803E-A50642339EC8}.Release|Any CPU.ActiveCfg = Release|Any CPU
		{A721CCFB-6D3F-49D8-803E-A50642339EC8}.Release|Any CPU.Build.0 = Release|Any CPU
	EndGlobalSection
	GlobalSection(SolutionProperties) = preSolution
		HideSolutionNode = FALSE
	EndGlobalSection
	GlobalSection(NestedProjects) = preSolution
		{1992E5D7-166C-4078-AEC6-F698B6192C92} = {4685D8F8-5E7D-405B-9E04-CFB157AE0F41}
		{0A05046F-AA79-42B4-9B9C-F76588C01BFC} = {4685D8F8-5E7D-405B-9E04-CFB157AE0F41}
		{1E313DEF-4148-44BB-8D64-A7FF3DC13F83} = {BEEAE0F9-8B97-4E02-98A3-95AE2B7C7BC9}
		{D9877D9D-03D6-429F-9951-D8BB2931ED29} = {2BF95931-60F6-4A54-9DF1-3EDB5D624AC0}
		{A721CCFB-6D3F-49D8-803E-A50642339EC8} = {484A1AEF-2EB2-470B-BA36-FD39BA0FFB3B}
	EndGlobalSection
	GlobalSection(ExtensibilityGlobals) = postSolution
		SolutionGuid = {46164F05-5CF1-4F8F-9D39-8CA75F2AAA18}
	EndGlobalSection
EndGlobal
