<Solution>
  <Folder Name="/.github/">
    <Project Path=".github/workflow-gen/workflow-gen.csproj" />
  </Folder>
  <Folder Name="/access-token-management/">
    <File Path="access-token-management/README.md" />
  </Folder>
  <Folder Name="/access-token-management/perf/">
    <Project Path="access-token-management/perf/Perf.DevServer.ServiceDefaults/Perf.DevServer.ServiceDefaults.csproj" />
    <Project Path="access-token-management/perf/Perf.DevServer/Perf.DevServer.csproj" />
    <Project Path="access-token-management/perf/Perf.IdentityServer/Perf.IdentityServer.csproj" />
    <Project Path="access-token-management/perf/Perf.TokenEndpoint/Perf.TokenEndpoint.csproj" />
  </Folder>
  <Folder Name="/access-token-management/samples/">
    <Project Path="access-token-management/samples/BlazorServer/BlazorServer.csproj" />
    <Project Path="access-token-management/samples/Web/Web.csproj" />
    <Project Path="access-token-management/samples/WebJarJwt/WebJarJwt.csproj" />
    <Project Path="access-token-management/samples/Worker/Worker.csproj" />
    <Project Path="access-token-management/samples/WorkerDI/WorkerDI.csproj" />
    <Project Path="access-token-management/samples/WorkerWithFusionCache/WorkerWithFusionCache.csproj" />
  </Folder>
  <Folder Name="/access-token-management/src/">
    <File Path="access-token-management/src/Directory.Build.props" />
    <Project Path="access-token-management/src/AccessTokenManagement.OpenIdConnect/AccessTokenManagement.OpenIdConnect.csproj" />
    <Project Path="access-token-management/src/AccessTokenManagement/AccessTokenManagement.csproj" />
  </Folder>
  <Folder Name="/access-token-management/test/">
    <File Path="access-token-management/test/Directory.Build.props" />
    <Project Path="access-token-management/test/AccessTokenManagement.Tests/AccessTokenManagement.Tests.csproj" />
  </Folder>
  <Folder Name="/identity-model-oidc-client/">
    <File Path="identity-model-oidc-client/README.md" />
  </Folder>
  <Folder Name="/identity-model-oidc-client/clients/">
    <Project Path="identity-model-oidc-client/clients/ConsoleClientWithBrowser/ConsoleClientWithBrowser.csproj" />
    <Project Path="identity-model-oidc-client/clients/ConsoleClientWithBrowserAndDPoP/ConsoleClientWithBrowserAndDPoP.csproj" />
    <Project Path="identity-model-oidc-client/clients/ManualModeConsoleClient/ManualModeConsoleClient.csproj" />
  </Folder>
  <Folder Name="/identity-model-oidc-client/src/">
    <File Path="identity-model-oidc-client/src/Directory.Build.props" />
    <Project Path="identity-model-oidc-client/src/IdentityModel.OidcClient.Extensions/IdentityModel.OidcClient.Extensions.csproj" />
    <Project Path="identity-model-oidc-client/src/IdentityModel.OidcClient/IdentityModel.OidcClient.csproj" />
    <Project Path="identity-model-oidc-client/src/TrimmableAnalysis/TrimmableAnalysis.csproj" />
  </Folder>
  <Folder Name="/identity-model-oidc-client/test/">
    <File Path="identity-model-oidc-client/test/Directory.Build.props" />
    <Project Path="identity-model-oidc-client/test/IdentityModel.OidcClient.Tests/IdentityModel.OidcClient.Tests.csproj" />
  </Folder>
  <Folder Name="/identity-model/">
    <File Path="identity-model/README.md" />
  </Folder>
  <Folder Name="/identity-model/samples/">
    <Project Path="identity-model/samples/HttpClientFactory/HttpClientFactory.csproj" />
  </Folder>
  <Folder Name="/identity-model/src/">
    <File Path="identity-model/src/Directory.Build.props" />
    <Project Path="identity-model/src/IdentityModel/IdentityModel.csproj" />
    <Project Path="identity-model/src/TrimmableAnalysis/TrimmableAnalysis.csproj" />
  </Folder>
  <Folder Name="/identity-model/test/">
    <File Path="identity-model/test/Directory.Build.props" />
    <Project Path="identity-model/test/IdentityModel.Tests/IdentityModel.Tests.csproj" />
  </Folder>
  <Folder Name="/ignore-this/">
    <File Path="ignore-this/README.md" />
  </Folder>
  <Folder Name="/ignore-this/src/">
    <File Path="ignore-this/src/Directory.Build.props" />
    <Project Path="ignore-this/src/IgnoreThis/IgnoreThis.csproj" />
  </Folder>
  <Folder Name="/ignore-this/test/">
    <Project Path="ignore-this/test/IgnoreThis.Tests/IgnoreThis.Tests.csproj" />
  </Folder>
  <Folder Name="/introspection/">
    <File Path="introspection/README.md" />
  </Folder>
  <Folder Name="/introspection/src/">
    <File Path="introspection/src/Directory.Build.props" />
    <Project Path="introspection/src/AspNetCore.Authentication.OAuth2Introspection/AspNetCore.Authentication.OAuth2Introspection.csproj" />
  </Folder>
  <Folder Name="/introspection/test/">
    <File Path="introspection/test/Directory.Build.props" />
    <Project Path="introspection/test/AspNetCore.Authentication.OAuth2Introspection.Tests/AspNetCore.Authentication.OAuth2Introspection.Tests.csproj" />
  </Folder>
</Solution>
