
Microsoft Visual Studio Solution File, Format Version 12.00
# 17
VisualStudioVersion = 17.11.35312.102
MinimumVisualStudioVersion = 10.0.40219.1
Project("{2150E333-8FDC-42A3-9474-1A3956D46DE8}") = "samples", "samples", "{FC05DC37-5F54-4171-97F9-4AC2A64E3E14}"
EndProject
Project("{9A19103F-16F7-4668-BE54-9A1E7A4F7556}") = "Worker", "samples\Worker\Worker.csproj", "{84AA3924-23EF-4E6B-91E9-6D9F9118AAFF}"
EndProject
Project("{9A19103F-16F7-4668-BE54-9A1E7A4F7556}") = "Web", "samples\Web\Web.csproj", "{FB70E5D8-B185-4DA3-9BA9-2CE69D4775FF}"
EndProject
Project("{2150E333-8FDC-42A3-9474-1A3956D46DE8}") = "src", "src", "{F65AC342-86DC-4548-883A-61DB34626203}"
EndProject
Project("{2150E333-8FDC-42A3-9474-1A3956D46DE8}") = "test", "test", "{0B14DE7B-43BD-4570-B6AB-37EDA32032FF}"
EndProject
Project("{9A19103F-16F7-4668-BE54-9A1E7A4F7556}") = "BlazorServer", "samples\BlazorServer\BlazorServer.csproj", "{AB15F574-FDF0-4117-9E4F-9D35EEA65125}"
EndProject
Project("{9A19103F-16F7-4668-BE54-9A1E7A4F7556}") = "WebJarJwt", "samples\WebJarJwt\WebJarJwt.csproj", "{C73469D2-5461-4E65-A1CE-6FE83B0FCA85}"
EndProject
Project("{9A19103F-16F7-4668-BE54-9A1E7A4F7556}") = "WorkerDI", "samples\WorkerDI\WorkerDI.csproj", "{22D7B959-CC06-4CDC-8A13-E51E2A94EEE5}"
EndProject
Project("{9A19103F-16F7-4668-BE54-9A1E7A4F7556}") = "AccessTokenManagement", "src\AccessTokenManagement\AccessTokenManagement.csproj", "{9D97D77F-4ADF-4769-AA84-4247D9C53FD9}"
EndProject
Project("{9A19103F-16F7-4668-BE54-9A1E7A4F7556}") = "AccessTokenManagement.OpenIdConnect", "src\AccessTokenManagement.OpenIdConnect\AccessTokenManagement.OpenIdConnect.csproj", "{57A698CF-67A1-46CB-B1AB-902FFFEADB89}"
EndProject
Project("{9A19103F-16F7-4668-BE54-9A1E7A4F7556}") = "AccessTokenManagement.Tests", "test\AccessTokenManagement.Tests\AccessTokenManagement.Tests.csproj", "{93554316-F7D2-426F-A3D2-95C120A7A04D}"
EndProject
Project("{2150E333-8FDC-42A3-9474-1A3956D46DE8}") = "build", "build", "{CF071876-039F-4DF7-92A3-B0209A7CD27F}"
EndProject
Project("{9A19103F-16F7-4668-BE54-9A1E7A4F7556}") = "build", "build\build.csproj", "{3EE4C5AF-7DC5-42DC-93F7-C9F8BEF2E5C8}"
EndProject
Global
	GlobalSection(SolutionConfigurationPlatforms) = preSolution
		Debug|Any CPU = Debug|Any CPU
		Release|Any CPU = Release|Any CPU
	EndGlobalSection
	GlobalSection(ProjectConfigurationPlatforms) = postSolution
		{84AA3924-23EF-4E6B-91E9-6D9F9118AAFF}.Debug|Any CPU.ActiveCfg = Debug|Any CPU
		{84AA3924-23EF-4E6B-91E9-6D9F9118AAFF}.Debug|Any CPU.Build.0 = Debug|Any CPU
		{84AA3924-23EF-4E6B-91E9-6D9F9118AAFF}.Release|Any CPU.ActiveCfg = Release|Any CPU
		{84AA3924-23EF-4E6B-91E9-6D9F9118AAFF}.Release|Any CPU.Build.0 = Release|Any CPU
		{FB70E5D8-B185-4DA3-9BA9-2CE69D4775FF}.Debug|Any CPU.ActiveCfg = Debug|Any CPU
		{FB70E5D8-B185-4DA3-9BA9-2CE69D4775FF}.Debug|Any CPU.Build.0 = Debug|Any CPU
		{FB70E5D8-B185-4DA3-9BA9-2CE69D4775FF}.Release|Any CPU.ActiveCfg = Release|Any CPU
		{FB70E5D8-B185-4DA3-9BA9-2CE69D4775FF}.Release|Any CPU.Build.0 = Release|Any CPU
		{AB15F574-FDF0-4117-9E4F-9D35EEA65125}.Debug|Any CPU.ActiveCfg = Debug|Any CPU
		{AB15F574-FDF0-4117-9E4F-9D35EEA65125}.Debug|Any CPU.Build.0 = Debug|Any CPU
		{AB15F574-FDF0-4117-9E4F-9D35EEA65125}.Release|Any CPU.ActiveCfg = Release|Any CPU
		{AB15F574-FDF0-4117-9E4F-9D35EEA65125}.Release|Any CPU.Build.0 = Release|Any CPU
		{C73469D2-5461-4E65-A1CE-6FE83B0FCA85}.Debug|Any CPU.ActiveCfg = Debug|Any CPU
		{C73469D2-5461-4E65-A1CE-6FE83B0FCA85}.Debug|Any CPU.Build.0 = Debug|Any CPU
		{C73469D2-5461-4E65-A1CE-6FE83B0FCA85}.Release|Any CPU.ActiveCfg = Release|Any CPU
		{C73469D2-5461-4E65-A1CE-6FE83B0FCA85}.Release|Any CPU.Build.0 = Release|Any CPU
		{22D7B959-CC06-4CDC-8A13-E51E2A94EEE5}.Debug|Any CPU.ActiveCfg = Debug|Any CPU
		{22D7B959-CC06-4CDC-8A13-E51E2A94EEE5}.Debug|Any CPU.Build.0 = Debug|Any CPU
		{22D7B959-CC06-4CDC-8A13-E51E2A94EEE5}.Release|Any CPU.ActiveCfg = Release|Any CPU
		{22D7B959-CC06-4CDC-8A13-E51E2A94EEE5}.Release|Any CPU.Build.0 = Release|Any CPU
		{9D97D77F-4ADF-4769-AA84-4247D9C53FD9}.Debug|Any CPU.ActiveCfg = Debug|Any CPU
		{9D97D77F-4ADF-4769-AA84-4247D9C53FD9}.Debug|Any CPU.Build.0 = Debug|Any CPU
		{9D97D77F-4ADF-4769-AA84-4247D9C53FD9}.Release|Any CPU.ActiveCfg = Release|Any CPU
		{9D97D77F-4ADF-4769-AA84-4247D9C53FD9}.Release|Any CPU.Build.0 = Release|Any CPU
		{57A698CF-67A1-46CB-B1AB-902FFFEADB89}.Debug|Any CPU.ActiveCfg = Debug|Any CPU
		{57A698CF-67A1-46CB-B1AB-902FFFEADB89}.Debug|Any CPU.Build.0 = Debug|Any CPU
		{57A698CF-67A1-46CB-B1AB-902FFFEADB89}.Release|Any CPU.ActiveCfg = Release|Any CPU
		{57A698CF-67A1-46CB-B1AB-902FFFEADB89}.Release|Any CPU.Build.0 = Release|Any CPU
		{93554316-F7D2-426F-A3D2-95C120A7A04D}.Debug|Any CPU.ActiveCfg = Debug|Any CPU
		{93554316-F7D2-426F-A3D2-95C120A7A04D}.Debug|Any CPU.Build.0 = Debug|Any CPU
		{93554316-F7D2-426F-A3D2-95C120A7A04D}.Release|Any CPU.ActiveCfg = Release|Any CPU
		{93554316-F7D2-426F-A3D2-95C120A7A04D}.Release|Any CPU.Build.0 = Release|Any CPU
		{3EE4C5AF-7DC5-42DC-93F7-C9F8BEF2E5C8}.Debug|Any CPU.ActiveCfg = Debug|Any CPU
		{3EE4C5AF-7DC5-42DC-93F7-C9F8BEF2E5C8}.Debug|Any CPU.Build.0 = Debug|Any CPU
		{3EE4C5AF-7DC5-42DC-93F7-C9F8BEF2E5C8}.Release|Any CPU.ActiveCfg = Release|Any CPU
		{3EE4C5AF-7DC5-42DC-93F7-C9F8BEF2E5C8}.Release|Any CPU.Build.0 = Release|Any CPU
	EndGlobalSection
	GlobalSection(SolutionProperties) = preSolution
		HideSolutionNode = FALSE
	EndGlobalSection
	GlobalSection(NestedProjects) = preSolution
		{84AA3924-23EF-4E6B-91E9-6D9F9118AAFF} = {FC05DC37-5F54-4171-97F9-4AC2A64E3E14}
		{FB70E5D8-B185-4DA3-9BA9-2CE69D4775FF} = {FC05DC37-5F54-4171-97F9-4AC2A64E3E14}
		{AB15F574-FDF0-4117-9E4F-9D35EEA65125} = {FC05DC37-5F54-4171-97F9-4AC2A64E3E14}
		{C73469D2-5461-4E65-A1CE-6FE83B0FCA85} = {FC05DC37-5F54-4171-97F9-4AC2A64E3E14}
		{22D7B959-CC06-4CDC-8A13-E51E2A94EEE5} = {FC05DC37-5F54-4171-97F9-4AC2A64E3E14}
		{9D97D77F-4ADF-4769-AA84-4247D9C53FD9} = {F65AC342-86DC-4548-883A-61DB34626203}
		{57A698CF-67A1-46CB-B1AB-902FFFEADB89} = {F65AC342-86DC-4548-883A-61DB34626203}
		{93554316-F7D2-426F-A3D2-95C120A7A04D} = {0B14DE7B-43BD-4570-B6AB-37EDA32032FF}
		{3EE4C5AF-7DC5-42DC-93F7-C9F8BEF2E5C8} = {CF071876-039F-4DF7-92A3-B0209A7CD27F}
	EndGlobalSection
	GlobalSection(ExtensibilityGlobals) = postSolution
		SolutionGuid = {A8AE52DE-E234-417E-8152-95C30CD71A7A}
	EndGlobalSection
EndGlobal
